
Microsoft Visual Studio Solution File, Format Version 12.00
# Visual Studio Version 16
VisualStudioVersion = 16.0.34031.81
MinimumVisualStudioVersion = 10.0.40219.1
Project("{FAE04EC0-301F-11D3-BF4B-00C04F79EFBC}") = "TruongHongAnh_SuDungLINQ", "TruongHongAnh_SuDungLINQ.csproj", "{34540916-2C12-45C6-9D9C-BF32BD119490}"
EndProject
Global
	GlobalSection(SolutionConfigurationPlatforms) = preSolution
		Debug|Any CPU = Debug|Any CPU
		Release|Any CPU = Release|Any CPU
	EndGlobalSection
	GlobalSection(ProjectConfigurationPlatforms) = postSolution
		{34540916-2C12-45C6-9D9C-BF32BD119490}.Debug|Any CPU.ActiveCfg = Debug|Any CPU
		{34540916-2C12-45C6-9D9C-BF32BD119490}.Debug|Any CPU.Build.0 = Debug|Any CPU
		{34540916-2C12-45C6-9D9C-BF32BD119490}.Release|Any CPU.ActiveCfg = Release|Any CPU
		{34540916-2C12-45C6-9D9C-BF32BD119490}.Release|Any CPU.Build.0 = Release|Any CPU
	EndGlobalSection
	GlobalSection(SolutionProperties) = preSolution
		HideSolutionNode = FALSE
	EndGlobalSection
	GlobalSection(ExtensibilityGlobals) = postSolution
		SolutionGuid = {CB004C60-B50B-447B-9565-20FDB90D0038}
	EndGlobalSection
EndGlobal
